
Microsoft Visual Studio Solution File, Format Version 12.00
# Visual Studio Version 17
VisualStudioVersion = 17.4.33110.190
MinimumVisualStudioVersion = 10.0.40219.1
Project("{FAE04EC0-301F-11D3-BF4B-00C04F79EFBC}") = "SecurityLearning", "SecurityLearning.csproj", "{2031FE01-54F7-48B8-AB5B-13D53A6DFC2C}"
EndProject
Global
	GlobalSection(SolutionConfigurationPlatforms) = preSolution
		Debug|Any CPU = Debug|Any CPU
		Release|Any CPU = Release|Any CPU
	EndGlobalSection
	GlobalSection(ProjectConfigurationPlatforms) = postSolution
		{2031FE01-54F7-48B8-AB5B-13D53A6DFC2C}.Debug|Any CPU.ActiveCfg = Debug|Any CPU
		{2031FE01-54F7-48B8-AB5B-13D53A6DFC2C}.Debug|Any CPU.Build.0 = Debug|Any CPU
		{2031FE01-54F7-48B8-AB5B-13D53A6DFC2C}.Release|Any CPU.ActiveCfg = Release|Any CPU
		{2031FE01-54F7-48B8-AB5B-13D53A6DFC2C}.Release|Any CPU.Build.0 = Release|Any CPU
	EndGlobalSection
	GlobalSection(SolutionProperties) = preSolution
		HideSolutionNode = FALSE
	EndGlobalSection
	GlobalSection(ExtensibilityGlobals) = postSolution
		SolutionGuid = {2621D027-19A7-4566-82E8-AA0816A73D3F}
	EndGlobalSection
EndGlobal
